
Microsoft Visual Studio Solution File, Format Version 12.00
# Visual Studio 14
VisualStudioVersion = 14.0.25420.1
MinimumVisualStudioVersion = 10.0.40219.1
Project("{FAE04EC0-301F-11D3-BF4B-00C04F79EFBC}") = "UbiDisplays", "ubidisplays_lib\src\UbiDisplays\UbiDisplays.csproj", "{D33CCDD3-B3CF-4E34-B7A9-6303272B5974}"
EndProject
Project("{FAE04EC0-301F-11D3-BF4B-00C04F79EFBC}") = "CardEditor", "CardEditor\CardEditor.csproj", "{73C586D9-C9E1-4A9D-883E-9018DB6841AD}"
EndProject
Project("{FAE04EC0-301F-11D3-BF4B-00C04F79EFBC}") = "UDPTestClient", "UDPClient\UDPTestClient.csproj", "{2DF6D845-27BB-4A5F-8034-1B84CCC3B15E}"
EndProject
Project("{FAE04EC0-301F-11D3-BF4B-00C04F79EFBC}") = "UbiBeamPlusPlus", "UbiBeamPlusPlus\UbiBeamPlusPlus.csproj", "{CC1CD53C-9FE4-480C-8B8C-7C84AAEF4671}"
EndProject
Global
	GlobalSection(SolutionConfigurationPlatforms) = preSolution
		Debug|Any CPU = Debug|Any CPU
		Release|Any CPU = Release|Any CPU
	EndGlobalSection
	GlobalSection(ProjectConfigurationPlatforms) = postSolution
		{D33CCDD3-B3CF-4E34-B7A9-6303272B5974}.Debug|Any CPU.ActiveCfg = Debug|Any CPU
		{D33CCDD3-B3CF-4E34-B7A9-6303272B5974}.Debug|Any CPU.Build.0 = Debug|Any CPU
		{D33CCDD3-B3CF-4E34-B7A9-6303272B5974}.Release|Any CPU.ActiveCfg = Release|Any CPU
		{D33CCDD3-B3CF-4E34-B7A9-6303272B5974}.Release|Any CPU.Build.0 = Release|Any CPU
		{73C586D9-C9E1-4A9D-883E-9018DB6841AD}.Debug|Any CPU.ActiveCfg = Debug|Any CPU
		{73C586D9-C9E1-4A9D-883E-9018DB6841AD}.Debug|Any CPU.Build.0 = Debug|Any CPU
		{73C586D9-C9E1-4A9D-883E-9018DB6841AD}.Release|Any CPU.ActiveCfg = Release|Any CPU
		{73C586D9-C9E1-4A9D-883E-9018DB6841AD}.Release|Any CPU.Build.0 = Release|Any CPU
		{2DF6D845-27BB-4A5F-8034-1B84CCC3B15E}.Debug|Any CPU.ActiveCfg = Debug|Any CPU
		{2DF6D845-27BB-4A5F-8034-1B84CCC3B15E}.Debug|Any CPU.Build.0 = Debug|Any CPU
		{2DF6D845-27BB-4A5F-8034-1B84CCC3B15E}.Release|Any CPU.ActiveCfg = Release|Any CPU
		{2DF6D845-27BB-4A5F-8034-1B84CCC3B15E}.Release|Any CPU.Build.0 = Release|Any CPU
		{CC1CD53C-9FE4-480C-8B8C-7C84AAEF4671}.Debug|Any CPU.ActiveCfg = Debug|Any CPU
		{CC1CD53C-9FE4-480C-8B8C-7C84AAEF4671}.Debug|Any CPU.Build.0 = Debug|Any CPU
		{CC1CD53C-9FE4-480C-8B8C-7C84AAEF4671}.Release|Any CPU.ActiveCfg = Release|Any CPU
		{CC1CD53C-9FE4-480C-8B8C-7C84AAEF4671}.Release|Any CPU.Build.0 = Release|Any CPU
	EndGlobalSection
	GlobalSection(SolutionProperties) = preSolution
		HideSolutionNode = FALSE
	EndGlobalSection
EndGlobal
